
Microsoft Visual Studio Solution File, Format Version 11.00
# Visual Studio 2010
Project("{FAE04EC0-301F-11D3-BF4B-00C04F79EFBC}") = "Sc-nario.Framework", "src\Sc-nario.Framework\Sc-nario.Framework.csproj", "{B48D3591-50A7-460D-AA08-595FA309282A}"
EndProject
Project("{FAE04EC0-301F-11D3-BF4B-00C04F79EFBC}") = "Sc-nario.Framework.Tests", "src\Sc-nario.Framework.Tests\Sc-nario.Framework.Tests.csproj", "{1572A0E4-2E2F-4A12-904C-22E26A21D122}"
EndProject
Global
	GlobalSection(SolutionConfigurationPlatforms) = preSolution
		Debug|Any CPU = Debug|Any CPU
		Release|Any CPU = Release|Any CPU
	EndGlobalSection
	GlobalSection(ProjectConfigurationPlatforms) = postSolution
		{B48D3591-50A7-460D-AA08-595FA309282A}.Debug|Any CPU.ActiveCfg = Debug|Any CPU
		{B48D3591-50A7-460D-AA08-595FA309282A}.Debug|Any CPU.Build.0 = Debug|Any CPU
		{B48D3591-50A7-460D-AA08-595FA309282A}.Release|Any CPU.ActiveCfg = Release|Any CPU
		{B48D3591-50A7-460D-AA08-595FA309282A}.Release|Any CPU.Build.0 = Release|Any CPU
		{1572A0E4-2E2F-4A12-904C-22E26A21D122}.Debug|Any CPU.ActiveCfg = Debug|Any CPU
		{1572A0E4-2E2F-4A12-904C-22E26A21D122}.Debug|Any CPU.Build.0 = Debug|Any CPU
		{1572A0E4-2E2F-4A12-904C-22E26A21D122}.Release|Any CPU.ActiveCfg = Release|Any CPU
		{1572A0E4-2E2F-4A12-904C-22E26A21D122}.Release|Any CPU.Build.0 = Release|Any CPU
	EndGlobalSection
	GlobalSection(SolutionProperties) = preSolution
		HideSolutionNode = FALSE
	EndGlobalSection
EndGlobal
